dependencies:
- name: gluon
  repository: oci://registry1.dso.mil/bigbang
  version: 0.9.7
- name: bb-common
  repository: oci://registry1.dso.mil/bigbang
  version: 0.12.3
digest: sha256:2dfb50e2df2b43cf5294faca5eab9b20dc036f5c29979852f23ef8dd4a9159e3
generated: "2026-01-21T11:47:09.735786432-06:00"
